
Microsoft Visual Studio Solution File, Format Version 12.00
# Visual Studio Version 16
VisualStudioVersion = 16.0.31605.320
MinimumVisualStudioVersion = 10.0.40219.1
Project("{FAE04EC0-301F-11D3-BF4B-00C04F79EFBC}") = "BombonesApp.Entidades", "BombonesApp.Entidades\BombonesApp.Entidades.csproj", "{B2799EB2-AABA-4583-ACC6-E1B027C0311D}"
EndProject
Project("{FAE04EC0-301F-11D3-BF4B-00C04F79EFBC}") = "BombonesApp.Datos.Sql", "BombonesApp.Datos.Sql\BombonesApp.Datos.Sql.csproj", "{2D7020D9-3AF5-4986-9A1C-C6410C99737F}"
EndProject
Project("{FAE04EC0-301F-11D3-BF4B-00C04F79EFBC}") = "BombonesApp.Servicios", "BombonesApp.Servicios\BombonesApp.Servicios.csproj", "{90126F7D-3692-46B3-9BAD-6AEDC15CBE0F}"
EndProject
Project("{FAE04EC0-301F-11D3-BF4B-00C04F79EFBC}") = "BombonesApp.Consola", "BombonesApp.Consola\BombonesApp.Consola.csproj", "{3FDA6FA1-A4CC-44CB-AD01-5EE0748A0CEC}"
EndProject
Project("{FAE04EC0-301F-11D3-BF4B-00C04F79EFBC}") = "BombonesApp.Datos.Common", "BombonesApp.Datos.Common\BombonesApp.Datos.Common.csproj", "{7708B234-9424-458E-978A-34431BDAB4F2}"
EndProject
Global
	GlobalSection(SolutionConfigurationPlatforms) = preSolution
		Debug|Any CPU = Debug|Any CPU
		Release|Any CPU = Release|Any CPU
	EndGlobalSection
	GlobalSection(ProjectConfigurationPlatforms) = postSolution
		{B2799EB2-AABA-4583-ACC6-E1B027C0311D}.Debug|Any CPU.ActiveCfg = Debug|Any CPU
		{B2799EB2-AABA-4583-ACC6-E1B027C0311D}.Debug|Any CPU.Build.0 = Debug|Any CPU
		{B2799EB2-AABA-4583-ACC6-E1B027C0311D}.Release|Any CPU.ActiveCfg = Release|Any CPU
		{B2799EB2-AABA-4583-ACC6-E1B027C0311D}.Release|Any CPU.Build.0 = Release|Any CPU
		{2D7020D9-3AF5-4986-9A1C-C6410C99737F}.Debug|Any CPU.ActiveCfg = Debug|Any CPU
		{2D7020D9-3AF5-4986-9A1C-C6410C99737F}.Debug|Any CPU.Build.0 = Debug|Any CPU
		{2D7020D9-3AF5-4986-9A1C-C6410C99737F}.Release|Any CPU.ActiveCfg = Release|Any CPU
		{2D7020D9-3AF5-4986-9A1C-C6410C99737F}.Release|Any CPU.Build.0 = Release|Any CPU
		{90126F7D-3692-46B3-9BAD-6AEDC15CBE0F}.Debug|Any CPU.ActiveCfg = Debug|Any CPU
		{90126F7D-3692-46B3-9BAD-6AEDC15CBE0F}.Debug|Any CPU.Build.0 = Debug|Any CPU
		{90126F7D-3692-46B3-9BAD-6AEDC15CBE0F}.Release|Any CPU.ActiveCfg = Release|Any CPU
		{90126F7D-3692-46B3-9BAD-6AEDC15CBE0F}.Release|Any CPU.Build.0 = Release|Any CPU
		{3FDA6FA1-A4CC-44CB-AD01-5EE0748A0CEC}.Debug|Any CPU.ActiveCfg = Debug|Any CPU
		{3FDA6FA1-A4CC-44CB-AD01-5EE0748A0CEC}.Debug|Any CPU.Build.0 = Debug|Any CPU
		{3FDA6FA1-A4CC-44CB-AD01-5EE0748A0CEC}.Release|Any CPU.ActiveCfg = Release|Any CPU
		{3FDA6FA1-A4CC-44CB-AD01-5EE0748A0CEC}.Release|Any CPU.Build.0 = Release|Any CPU
		{7708B234-9424-458E-978A-34431BDAB4F2}.Debug|Any CPU.ActiveCfg = Debug|Any CPU
		{7708B234-9424-458E-978A-34431BDAB4F2}.Debug|Any CPU.Build.0 = Debug|Any CPU
		{7708B234-9424-458E-978A-34431BDAB4F2}.Release|Any CPU.ActiveCfg = Release|Any CPU
		{7708B234-9424-458E-978A-34431BDAB4F2}.Release|Any CPU.Build.0 = Release|Any CPU
	EndGlobalSection
	GlobalSection(SolutionProperties) = preSolution
		HideSolutionNode = FALSE
	EndGlobalSection
	GlobalSection(ExtensibilityGlobals) = postSolution
		SolutionGuid = {81E0EF9A-C60F-422E-9DB9-1C7B8E16F72D}
	EndGlobalSection
EndGlobal
